
Microsoft Visual Studio Solution File, Format Version 12.00
# Visual Studio 14
VisualStudioVersion = 14.0.25420.1
MinimumVisualStudioVersion = 10.0.40219.1
Project("{FAE04EC0-301F-11D3-BF4B-00C04F79EFBC}") = "Model", "Model\Model.csproj", "{A672CB12-0379-4789-8881-523C7FADEFF4}"
EndProject
Project("{FAE04EC0-301F-11D3-BF4B-00C04F79EFBC}") = "WpfApplication1", "WpfApplication1\WpfApplication1.csproj", "{F9102F60-6970-4313-BF1E-780FB201ED20}"
EndProject
Project("{FAE04EC0-301F-11D3-BF4B-00C04F79EFBC}") = "UWPApp1", "UWPApp1\UWPApp1.csproj", "{5D8E5520-B129-4A37-AD7A-A73CBF3D9D66}"
EndProject
Global
	GlobalSection(SolutionConfigurationPlatforms) = preSolution
		Debug|Any CPU = Debug|Any CPU
		Debug|ARM = Debug|ARM
		Debug|x64 = Debug|x64
		Debug|x86 = Debug|x86
		Release|Any CPU = Release|Any CPU
		Release|ARM = Release|ARM
		Release|x64 = Release|x64
		Release|x86 = Release|x86
	EndGlobalSection
	GlobalSection(ProjectConfigurationPlatforms) = postSolution
		{A672CB12-0379-4789-8881-523C7FADEFF4}.Debug|Any CPU.ActiveCfg = Debug|Any CPU
		{A672CB12-0379-4789-8881-523C7FADEFF4}.Debug|Any CPU.Build.0 = Debug|Any CPU
		{A672CB12-0379-4789-8881-523C7FADEFF4}.Debug|ARM.ActiveCfg = Debug|Any CPU
		{A672CB12-0379-4789-8881-523C7FADEFF4}.Debug|ARM.Build.0 = Debug|Any CPU
		{A672CB12-0379-4789-8881-523C7FADEFF4}.Debug|x64.ActiveCfg = Debug|Any CPU
		{A672CB12-0379-4789-8881-523C7FADEFF4}.Debug|x64.Build.0 = Debug|Any CPU
		{A672CB12-0379-4789-8881-523C7FADEFF4}.Debug|x86.ActiveCfg = Debug|Any CPU
		{A672CB12-0379-4789-8881-523C7FADEFF4}.Debug|x86.Build.0 = Debug|Any CPU
		{A672CB12-0379-4789-8881-523C7FADEFF4}.Release|Any CPU.ActiveCfg = Release|Any CPU
		{A672CB12-0379-4789-8881-523C7FADEFF4}.Release|Any CPU.Build.0 = Release|Any CPU
		{A672CB12-0379-4789-8881-523C7FADEFF4}.Release|ARM.ActiveCfg = Release|Any CPU
		{A672CB12-0379-4789-8881-523C7FADEFF4}.Release|ARM.Build.0 = Release|Any CPU
		{A672CB12-0379-4789-8881-523C7FADEFF4}.Release|x64.ActiveCfg = Release|Any CPU
		{A672CB12-0379-4789-8881-523C7FADEFF4}.Release|x64.Build.0 = Release|Any CPU
		{A672CB12-0379-4789-8881-523C7FADEFF4}.Release|x86.ActiveCfg = Release|Any CPU
		{A672CB12-0379-4789-8881-523C7FADEFF4}.Release|x86.Build.0 = Release|Any CPU
		{F9102F60-6970-4313-BF1E-780FB201ED20}.Debug|Any CPU.ActiveCfg = Debug|Any CPU
		{F9102F60-6970-4313-BF1E-780FB201ED20}.Debug|Any CPU.Build.0 = Debug|Any CPU
		{F9102F60-6970-4313-BF1E-780FB201ED20}.Debug|ARM.ActiveCfg = Debug|Any CPU
		{F9102F60-6970-4313-BF1E-780FB201ED20}.Debug|ARM.Build.0 = Debug|Any CPU
		{F9102F60-6970-4313-BF1E-780FB201ED20}.Debug|x64.ActiveCfg = Debug|Any CPU
		{F9102F60-6970-4313-BF1E-780FB201ED20}.Debug|x64.Build.0 = Debug|Any CPU
		{F9102F60-6970-4313-BF1E-780FB201ED20}.Debug|x86.ActiveCfg = Debug|Any CPU
		{F9102F60-6970-4313-BF1E-780FB201ED20}.Debug|x86.Build.0 = Debug|Any CPU
		{F9102F60-6970-4313-BF1E-780FB201ED20}.Release|Any CPU.ActiveCfg = Release|Any CPU
		{F9102F60-6970-4313-BF1E-780FB201ED20}.Release|Any CPU.Build.0 = Release|Any CPU
		{F9102F60-6970-4313-BF1E-780FB201ED20}.Release|ARM.ActiveCfg = Release|Any CPU
		{F9102F60-6970-4313-BF1E-780FB201ED20}.Release|ARM.Build.0 = Release|Any CPU
		{F9102F60-6970-4313-BF1E-780FB201ED20}.Release|x64.ActiveCfg = Release|Any CPU
		{F9102F60-6970-4313-BF1E-780FB201ED20}.Release|x64.Build.0 = Release|Any CPU
		{F9102F60-6970-4313-BF1E-780FB201ED20}.Release|x86.ActiveCfg = Release|Any CPU
		{F9102F60-6970-4313-BF1E-780FB201ED20}.Release|x86.Build.0 = Release|Any CPU
		{5D8E5520-B129-4A37-AD7A-A73CBF3D9D66}.Debug|Any CPU.ActiveCfg = Debug|x86
		{5D8E5520-B129-4A37-AD7A-A73CBF3D9D66}.Debug|ARM.ActiveCfg = Debug|ARM
		{5D8E5520-B129-4A37-AD7A-A73CBF3D9D66}.Debug|ARM.Build.0 = Debug|ARM
		{5D8E5520-B129-4A37-AD7A-A73CBF3D9D66}.Debug|ARM.Deploy.0 = Debug|ARM
		{5D8E5520-B129-4A37-AD7A-A73CBF3D9D66}.Debug|x64.ActiveCfg = Debug|x64
		{5D8E5520-B129-4A37-AD7A-A73CBF3D9D66}.Debug|x64.Build.0 = Debug|x64
		{5D8E5520-B129-4A37-AD7A-A73CBF3D9D66}.Debug|x64.Deploy.0 = Debug|x64
		{5D8E5520-B129-4A37-AD7A-A73CBF3D9D66}.Debug|x86.ActiveCfg = Debug|x86
		{5D8E5520-B129-4A37-AD7A-A73CBF3D9D66}.Debug|x86.Build.0 = Debug|x86
		{5D8E5520-B129-4A37-AD7A-A73CBF3D9D66}.Debug|x86.Deploy.0 = Debug|x86
		{5D8E5520-B129-4A37-AD7A-A73CBF3D9D66}.Release|Any CPU.ActiveCfg = Release|x86
		{5D8E5520-B129-4A37-AD7A-A73CBF3D9D66}.Release|ARM.ActiveCfg = Release|ARM
		{5D8E5520-B129-4A37-AD7A-A73CBF3D9D66}.Release|ARM.Build.0 = Release|ARM
		{5D8E5520-B129-4A37-AD7A-A73CBF3D9D66}.Release|ARM.Deploy.0 = Release|ARM
		{5D8E5520-B129-4A37-AD7A-A73CBF3D9D66}.Release|x64.ActiveCfg = Release|x64
		{5D8E5520-B129-4A37-AD7A-A73CBF3D9D66}.Release|x64.Build.0 = Release|x64
		{5D8E5520-B129-4A37-AD7A-A73CBF3D9D66}.Release|x64.Deploy.0 = Release|x64
		{5D8E5520-B129-4A37-AD7A-A73CBF3D9D66}.Release|x86.ActiveCfg = Release|x86
		{5D8E5520-B129-4A37-AD7A-A73CBF3D9D66}.Release|x86.Build.0 = Release|x86
		{5D8E5520-B129-4A37-AD7A-A73CBF3D9D66}.Release|x86.Deploy.0 = Release|x86
	EndGlobalSection
	GlobalSection(SolutionProperties) = preSolution
		HideSolutionNode = FALSE
	EndGlobalSection
EndGlobal
