
Microsoft Visual Studio Solution File, Format Version 12.00
# Visual Studio 15
VisualStudioVersion = 15.0.26430.16
MinimumVisualStudioVersion = 10.0.40219.1
Project("{2150E333-8FDC-42A3-9474-1A3956D46DE8}") = "Example", "Example", "{EC84A187-99A8-46CD-812F-ACD6A4B5555B}"
EndProject
Project("{2150E333-8FDC-42A3-9474-1A3956D46DE8}") = "Solution Items", "Solution Items", "{027D702D-4CD7-4D49-8089-A405CB057FD3}"
	ProjectSection(SolutionItems) = preProject
		nuget.config = nuget.config
		README.md = README.md
	EndProjectSection
EndProject
Project("{FAE04EC0-301F-11D3-BF4B-00C04F79EFBC}") = "Model", "Example\Model\Model.csproj", "{B96510EC-681D-4A60-8C7D-3B9B7E82816A}"
EndProject
Project("{FAE04EC0-301F-11D3-BF4B-00C04F79EFBC}") = "WpfApplication", "Example\WpfApplication\WpfApplication.csproj", "{73C7ADE4-F9A2-4045-ADA4-7B003180A01C}"
EndProject
Project("{2150E333-8FDC-42A3-9474-1A3956D46DE8}") = "Test", "Test", "{DC8D4C07-3155-42B9-8897-CFD7320EB336}"
EndProject
Project("{FAE04EC0-301F-11D3-BF4B-00C04F79EFBC}") = "Prism.Validation.Test.Wpf", "Core\Prism.Validation.Test\Prism.Validation.Test.Wpf\Prism.Validation.Test.Wpf.csproj", "{292D503C-B4D0-4466-8F23-0EF3DDAD0D9F}"
EndProject
Project("{FAE04EC0-301F-11D3-BF4B-00C04F79EFBC}") = "Prism.Validation.Test.UWP", "Core\Prism.Validation.Test\Prism.Validation.Test.UWP\Prism.Validation.Test.UWP.csproj", "{D41FBC4A-7956-47DC-9C30-D5AC3A638D66}"
EndProject
Project("{FAE04EC0-301F-11D3-BF4B-00C04F79EFBC}") = "UwpApp1", "Example\UwpApp1\UwpApp1.csproj", "{891EC693-A71E-4A8B-AE45-8D6C9C5BD11D}"
EndProject
Project("{9A19103F-16F7-4668-BE54-9A1E7A4F7556}") = "Prism.Validation", "Core\Prism.Validation\Prism.Validation.csproj", "{64649B9F-FB49-4C60-BA79-C33AF603ABB7}"
EndProject
Global
	GlobalSection(SolutionConfigurationPlatforms) = preSolution
		Debug|Any CPU = Debug|Any CPU
		Debug|ARM = Debug|ARM
		Debug|x64 = Debug|x64
		Debug|x86 = Debug|x86
		Release|Any CPU = Release|Any CPU
		Release|ARM = Release|ARM
		Release|x64 = Release|x64
		Release|x86 = Release|x86
	EndGlobalSection
	GlobalSection(ProjectConfigurationPlatforms) = postSolution
		{B96510EC-681D-4A60-8C7D-3B9B7E82816A}.Debug|Any CPU.ActiveCfg = Debug|Any CPU
		{B96510EC-681D-4A60-8C7D-3B9B7E82816A}.Debug|Any CPU.Build.0 = Debug|Any CPU
		{B96510EC-681D-4A60-8C7D-3B9B7E82816A}.Debug|ARM.ActiveCfg = Debug|Any CPU
		{B96510EC-681D-4A60-8C7D-3B9B7E82816A}.Debug|ARM.Build.0 = Debug|Any CPU
		{B96510EC-681D-4A60-8C7D-3B9B7E82816A}.Debug|x64.ActiveCfg = Debug|Any CPU
		{B96510EC-681D-4A60-8C7D-3B9B7E82816A}.Debug|x64.Build.0 = Debug|Any CPU
		{B96510EC-681D-4A60-8C7D-3B9B7E82816A}.Debug|x86.ActiveCfg = Debug|Any CPU
		{B96510EC-681D-4A60-8C7D-3B9B7E82816A}.Debug|x86.Build.0 = Debug|Any CPU
		{B96510EC-681D-4A60-8C7D-3B9B7E82816A}.Release|Any CPU.ActiveCfg = Release|Any CPU
		{B96510EC-681D-4A60-8C7D-3B9B7E82816A}.Release|Any CPU.Build.0 = Release|Any CPU
		{B96510EC-681D-4A60-8C7D-3B9B7E82816A}.Release|ARM.ActiveCfg = Release|Any CPU
		{B96510EC-681D-4A60-8C7D-3B9B7E82816A}.Release|ARM.Build.0 = Release|Any CPU
		{B96510EC-681D-4A60-8C7D-3B9B7E82816A}.Release|x64.ActiveCfg = Release|Any CPU
		{B96510EC-681D-4A60-8C7D-3B9B7E82816A}.Release|x64.Build.0 = Release|Any CPU
		{B96510EC-681D-4A60-8C7D-3B9B7E82816A}.Release|x86.ActiveCfg = Release|Any CPU
		{B96510EC-681D-4A60-8C7D-3B9B7E82816A}.Release|x86.Build.0 = Release|Any CPU
		{73C7ADE4-F9A2-4045-ADA4-7B003180A01C}.Debug|Any CPU.ActiveCfg = Debug|Any CPU
		{73C7ADE4-F9A2-4045-ADA4-7B003180A01C}.Debug|Any CPU.Build.0 = Debug|Any CPU
		{73C7ADE4-F9A2-4045-ADA4-7B003180A01C}.Debug|ARM.ActiveCfg = Debug|Any CPU
		{73C7ADE4-F9A2-4045-ADA4-7B003180A01C}.Debug|ARM.Build.0 = Debug|Any CPU
		{73C7ADE4-F9A2-4045-ADA4-7B003180A01C}.Debug|x64.ActiveCfg = Debug|Any CPU
		{73C7ADE4-F9A2-4045-ADA4-7B003180A01C}.Debug|x64.Build.0 = Debug|Any CPU
		{73C7ADE4-F9A2-4045-ADA4-7B003180A01C}.Debug|x86.ActiveCfg = Debug|Any CPU
		{73C7ADE4-F9A2-4045-ADA4-7B003180A01C}.Debug|x86.Build.0 = Debug|Any CPU
		{73C7ADE4-F9A2-4045-ADA4-7B003180A01C}.Release|Any CPU.ActiveCfg = Release|Any CPU
		{73C7ADE4-F9A2-4045-ADA4-7B003180A01C}.Release|Any CPU.Build.0 = Release|Any CPU
		{73C7ADE4-F9A2-4045-ADA4-7B003180A01C}.Release|ARM.ActiveCfg = Release|Any CPU
		{73C7ADE4-F9A2-4045-ADA4-7B003180A01C}.Release|ARM.Build.0 = Release|Any CPU
		{73C7ADE4-F9A2-4045-ADA4-7B003180A01C}.Release|x64.ActiveCfg = Release|Any CPU
		{73C7ADE4-F9A2-4045-ADA4-7B003180A01C}.Release|x64.Build.0 = Release|Any CPU
		{73C7ADE4-F9A2-4045-ADA4-7B003180A01C}.Release|x86.ActiveCfg = Release|Any CPU
		{73C7ADE4-F9A2-4045-ADA4-7B003180A01C}.Release|x86.Build.0 = Release|Any CPU
		{292D503C-B4D0-4466-8F23-0EF3DDAD0D9F}.Debug|Any CPU.ActiveCfg = Debug|Any CPU
		{292D503C-B4D0-4466-8F23-0EF3DDAD0D9F}.Debug|Any CPU.Build.0 = Debug|Any CPU
		{292D503C-B4D0-4466-8F23-0EF3DDAD0D9F}.Debug|ARM.ActiveCfg = Debug|Any CPU
		{292D503C-B4D0-4466-8F23-0EF3DDAD0D9F}.Debug|ARM.Build.0 = Debug|Any CPU
		{292D503C-B4D0-4466-8F23-0EF3DDAD0D9F}.Debug|x64.ActiveCfg = Debug|Any CPU
		{292D503C-B4D0-4466-8F23-0EF3DDAD0D9F}.Debug|x64.Build.0 = Debug|Any CPU
		{292D503C-B4D0-4466-8F23-0EF3DDAD0D9F}.Debug|x86.ActiveCfg = Debug|Any CPU
		{292D503C-B4D0-4466-8F23-0EF3DDAD0D9F}.Debug|x86.Build.0 = Debug|Any CPU
		{292D503C-B4D0-4466-8F23-0EF3DDAD0D9F}.Release|Any CPU.ActiveCfg = Release|Any CPU
		{292D503C-B4D0-4466-8F23-0EF3DDAD0D9F}.Release|Any CPU.Build.0 = Release|Any CPU
		{292D503C-B4D0-4466-8F23-0EF3DDAD0D9F}.Release|ARM.ActiveCfg = Release|Any CPU
		{292D503C-B4D0-4466-8F23-0EF3DDAD0D9F}.Release|ARM.Build.0 = Release|Any CPU
		{292D503C-B4D0-4466-8F23-0EF3DDAD0D9F}.Release|x64.ActiveCfg = Release|Any CPU
		{292D503C-B4D0-4466-8F23-0EF3DDAD0D9F}.Release|x64.Build.0 = Release|Any CPU
		{292D503C-B4D0-4466-8F23-0EF3DDAD0D9F}.Release|x86.ActiveCfg = Release|Any CPU
		{292D503C-B4D0-4466-8F23-0EF3DDAD0D9F}.Release|x86.Build.0 = Release|Any CPU
		{D41FBC4A-7956-47DC-9C30-D5AC3A638D66}.Debug|Any CPU.ActiveCfg = Debug|x86
		{D41FBC4A-7956-47DC-9C30-D5AC3A638D66}.Debug|Any CPU.Build.0 = Debug|x86
		{D41FBC4A-7956-47DC-9C30-D5AC3A638D66}.Debug|Any CPU.Deploy.0 = Debug|x86
		{D41FBC4A-7956-47DC-9C30-D5AC3A638D66}.Debug|ARM.ActiveCfg = Debug|ARM
		{D41FBC4A-7956-47DC-9C30-D5AC3A638D66}.Debug|ARM.Build.0 = Debug|ARM
		{D41FBC4A-7956-47DC-9C30-D5AC3A638D66}.Debug|ARM.Deploy.0 = Debug|ARM
		{D41FBC4A-7956-47DC-9C30-D5AC3A638D66}.Debug|x64.ActiveCfg = Debug|x64
		{D41FBC4A-7956-47DC-9C30-D5AC3A638D66}.Debug|x64.Build.0 = Debug|x64
		{D41FBC4A-7956-47DC-9C30-D5AC3A638D66}.Debug|x64.Deploy.0 = Debug|x64
		{D41FBC4A-7956-47DC-9C30-D5AC3A638D66}.Debug|x86.ActiveCfg = Debug|x86
		{D41FBC4A-7956-47DC-9C30-D5AC3A638D66}.Debug|x86.Build.0 = Debug|x86
		{D41FBC4A-7956-47DC-9C30-D5AC3A638D66}.Debug|x86.Deploy.0 = Debug|x86
		{D41FBC4A-7956-47DC-9C30-D5AC3A638D66}.Release|Any CPU.ActiveCfg = Release|x86
		{D41FBC4A-7956-47DC-9C30-D5AC3A638D66}.Release|ARM.ActiveCfg = Release|ARM
		{D41FBC4A-7956-47DC-9C30-D5AC3A638D66}.Release|ARM.Build.0 = Release|ARM
		{D41FBC4A-7956-47DC-9C30-D5AC3A638D66}.Release|ARM.Deploy.0 = Release|ARM
		{D41FBC4A-7956-47DC-9C30-D5AC3A638D66}.Release|x64.ActiveCfg = Release|x64
		{D41FBC4A-7956-47DC-9C30-D5AC3A638D66}.Release|x64.Build.0 = Release|x64
		{D41FBC4A-7956-47DC-9C30-D5AC3A638D66}.Release|x64.Deploy.0 = Release|x64
		{D41FBC4A-7956-47DC-9C30-D5AC3A638D66}.Release|x86.ActiveCfg = Release|x86
		{D41FBC4A-7956-47DC-9C30-D5AC3A638D66}.Release|x86.Build.0 = Release|x86
		{D41FBC4A-7956-47DC-9C30-D5AC3A638D66}.Release|x86.Deploy.0 = Release|x86
		{891EC693-A71E-4A8B-AE45-8D6C9C5BD11D}.Debug|Any CPU.ActiveCfg = Debug|x86
		{891EC693-A71E-4A8B-AE45-8D6C9C5BD11D}.Debug|ARM.ActiveCfg = Debug|ARM
		{891EC693-A71E-4A8B-AE45-8D6C9C5BD11D}.Debug|ARM.Build.0 = Debug|ARM
		{891EC693-A71E-4A8B-AE45-8D6C9C5BD11D}.Debug|ARM.Deploy.0 = Debug|ARM
		{891EC693-A71E-4A8B-AE45-8D6C9C5BD11D}.Debug|x64.ActiveCfg = Debug|x64
		{891EC693-A71E-4A8B-AE45-8D6C9C5BD11D}.Debug|x64.Build.0 = Debug|x64
		{891EC693-A71E-4A8B-AE45-8D6C9C5BD11D}.Debug|x64.Deploy.0 = Debug|x64
		{891EC693-A71E-4A8B-AE45-8D6C9C5BD11D}.Debug|x86.ActiveCfg = Debug|x86
		{891EC693-A71E-4A8B-AE45-8D6C9C5BD11D}.Debug|x86.Build.0 = Debug|x86
		{891EC693-A71E-4A8B-AE45-8D6C9C5BD11D}.Debug|x86.Deploy.0 = Debug|x86
		{891EC693-A71E-4A8B-AE45-8D6C9C5BD11D}.Release|Any CPU.ActiveCfg = Release|x86
		{891EC693-A71E-4A8B-AE45-8D6C9C5BD11D}.Release|ARM.ActiveCfg = Release|ARM
		{891EC693-A71E-4A8B-AE45-8D6C9C5BD11D}.Release|ARM.Build.0 = Release|ARM
		{891EC693-A71E-4A8B-AE45-8D6C9C5BD11D}.Release|ARM.Deploy.0 = Release|ARM
		{891EC693-A71E-4A8B-AE45-8D6C9C5BD11D}.Release|x64.ActiveCfg = Release|x64
		{891EC693-A71E-4A8B-AE45-8D6C9C5BD11D}.Release|x64.Build.0 = Release|x64
		{891EC693-A71E-4A8B-AE45-8D6C9C5BD11D}.Release|x64.Deploy.0 = Release|x64
		{891EC693-A71E-4A8B-AE45-8D6C9C5BD11D}.Release|x86.ActiveCfg = Release|x86
		{891EC693-A71E-4A8B-AE45-8D6C9C5BD11D}.Release|x86.Build.0 = Release|x86
		{891EC693-A71E-4A8B-AE45-8D6C9C5BD11D}.Release|x86.Deploy.0 = Release|x86
		{64649B9F-FB49-4C60-BA79-C33AF603ABB7}.Debug|Any CPU.ActiveCfg = Debug|Any CPU
		{64649B9F-FB49-4C60-BA79-C33AF603ABB7}.Debug|Any CPU.Build.0 = Debug|Any CPU
		{64649B9F-FB49-4C60-BA79-C33AF603ABB7}.Debug|ARM.ActiveCfg = Debug|Any CPU
		{64649B9F-FB49-4C60-BA79-C33AF603ABB7}.Debug|ARM.Build.0 = Debug|Any CPU
		{64649B9F-FB49-4C60-BA79-C33AF603ABB7}.Debug|x64.ActiveCfg = Debug|Any CPU
		{64649B9F-FB49-4C60-BA79-C33AF603ABB7}.Debug|x64.Build.0 = Debug|Any CPU
		{64649B9F-FB49-4C60-BA79-C33AF603ABB7}.Debug|x86.ActiveCfg = Debug|Any CPU
		{64649B9F-FB49-4C60-BA79-C33AF603ABB7}.Debug|x86.Build.0 = Debug|Any CPU
		{64649B9F-FB49-4C60-BA79-C33AF603ABB7}.Release|Any CPU.ActiveCfg = Release|Any CPU
		{64649B9F-FB49-4C60-BA79-C33AF603ABB7}.Release|Any CPU.Build.0 = Release|Any CPU
		{64649B9F-FB49-4C60-BA79-C33AF603ABB7}.Release|ARM.ActiveCfg = Release|Any CPU
		{64649B9F-FB49-4C60-BA79-C33AF603ABB7}.Release|ARM.Build.0 = Release|Any CPU
		{64649B9F-FB49-4C60-BA79-C33AF603ABB7}.Release|x64.ActiveCfg = Release|Any CPU
		{64649B9F-FB49-4C60-BA79-C33AF603ABB7}.Release|x64.Build.0 = Release|Any CPU
		{64649B9F-FB49-4C60-BA79-C33AF603ABB7}.Release|x86.ActiveCfg = Release|Any CPU
		{64649B9F-FB49-4C60-BA79-C33AF603ABB7}.Release|x86.Build.0 = Release|Any CPU
	EndGlobalSection
	GlobalSection(SolutionProperties) = preSolution
		HideSolutionNode = FALSE
	EndGlobalSection
	GlobalSection(NestedProjects) = preSolution
		{B96510EC-681D-4A60-8C7D-3B9B7E82816A} = {EC84A187-99A8-46CD-812F-ACD6A4B5555B}
		{73C7ADE4-F9A2-4045-ADA4-7B003180A01C} = {EC84A187-99A8-46CD-812F-ACD6A4B5555B}
		{292D503C-B4D0-4466-8F23-0EF3DDAD0D9F} = {DC8D4C07-3155-42B9-8897-CFD7320EB336}
		{D41FBC4A-7956-47DC-9C30-D5AC3A638D66} = {DC8D4C07-3155-42B9-8897-CFD7320EB336}
		{891EC693-A71E-4A8B-AE45-8D6C9C5BD11D} = {EC84A187-99A8-46CD-812F-ACD6A4B5555B}
	EndGlobalSection
EndGlobal
